
Microsoft Visual Studio Solution File, Format Version 12.00
# Visual Studio 15
VisualStudioVersion = 15.0.27428.1
MinimumVisualStudioVersion = 10.0.40219.1
Project("{FAE04EC0-301F-11D3-BF4B-00C04F79EFBC}") = "IsikukoodiParser", "IsikukoodiParser\IsikukoodiParser.csproj", "{EA85B3DD-6BDD-4486-AC50-4DFA0E9C1099}"
EndProject
Project("{FAE04EC0-301F-11D3-BF4B-00C04F79EFBC}") = "IsikukoodiParser.Test", "IsikukoodParser.Test\IsikukoodiParser.Test.csproj", "{6658F88B-BF01-4F96-868B-0440FB7476AF}"
	ProjectSection(ProjectDependencies) = postProject
		{EA85B3DD-6BDD-4486-AC50-4DFA0E9C1099} = {EA85B3DD-6BDD-4486-AC50-4DFA0E9C1099}
	EndProjectSection
EndProject
Global
	GlobalSection(SolutionConfigurationPlatforms) = preSolution
		Debug|Any CPU = Debug|Any CPU
		Release|Any CPU = Release|Any CPU
	EndGlobalSection
	GlobalSection(ProjectConfigurationPlatforms) = postSolution
		{EA85B3DD-6BDD-4486-AC50-4DFA0E9C1099}.Debug|Any CPU.ActiveCfg = Debug|Any CPU
		{EA85B3DD-6BDD-4486-AC50-4DFA0E9C1099}.Debug|Any CPU.Build.0 = Debug|Any CPU
		{EA85B3DD-6BDD-4486-AC50-4DFA0E9C1099}.Release|Any CPU.ActiveCfg = Release|Any CPU
		{EA85B3DD-6BDD-4486-AC50-4DFA0E9C1099}.Release|Any CPU.Build.0 = Release|Any CPU
		{6658F88B-BF01-4F96-868B-0440FB7476AF}.Debug|Any CPU.ActiveCfg = Debug|Any CPU
		{6658F88B-BF01-4F96-868B-0440FB7476AF}.Debug|Any CPU.Build.0 = Debug|Any CPU
		{6658F88B-BF01-4F96-868B-0440FB7476AF}.Release|Any CPU.ActiveCfg = Release|Any CPU
		{6658F88B-BF01-4F96-868B-0440FB7476AF}.Release|Any CPU.Build.0 = Release|Any CPU
	EndGlobalSection
	GlobalSection(SolutionProperties) = preSolution
		HideSolutionNode = FALSE
	EndGlobalSection
	GlobalSection(ExtensibilityGlobals) = postSolution
		SolutionGuid = {75B91CA0-E743-46D2-9280-FA54E62BD8CA}
	EndGlobalSection
EndGlobal
